
Microsoft Visual Studio Solution File, Format Version 11.00
# Visual Studio 2010
Project("{FAE04EC0-301F-11D3-BF4B-00C04F79EFBC}") = "Find turkish singers", "Find turkish singers\Find turkish singers.csproj", "{AEBE6AAD-E5A0-43AA-88B6-F370649073F7}"
EndProject
Global
	GlobalSection(SolutionConfigurationPlatforms) = preSolution
		Debug|x86 = Debug|x86
		Release|x86 = Release|x86
	EndGlobalSection
	GlobalSection(ProjectConfigurationPlatforms) = postSolution
		{AEBE6AAD-E5A0-43AA-88B6-F370649073F7}.Debug|x86.ActiveCfg = Debug|x86
		{AEBE6AAD-E5A0-43AA-88B6-F370649073F7}.Debug|x86.Build.0 = Debug|x86
		{AEBE6AAD-E5A0-43AA-88B6-F370649073F7}.Release|x86.ActiveCfg = Release|x86
		{AEBE6AAD-E5A0-43AA-88B6-F370649073F7}.Release|x86.Build.0 = Release|x86
	EndGlobalSection
	GlobalSection(SolutionProperties) = preSolution
		HideSolutionNode = FALSE
	EndGlobalSection
EndGlobal
